// !$*UTF8*$!
{
	archiveVersion = 1;
	classes = {
	};
	objectVersion = 46;
	objects = {

/* Begin PBXBuildFile section */
		FA9DC6061ED4349A008E3B6E /* AppDelegate.swift in Sources */ = {isa = PBXBuildFile; fileRef = FA9DC6051ED4349A008E3B6E /* AppDelegate.swift */; };
		FA9DC6081ED4349A008E3B6E /* ViewController.swift in Sources */ = {isa = PBXBuildFile; fileRef = FA9DC6071ED4349A008E3B6E /* ViewController.swift */; };
		FA9DC60B1ED4349A008E3B6E /* Main.storyboard in Resources */ = {isa = PBXBuildFile; fileRef = FA9DC6091ED4349A008E3B6E /* Main.storyboard */; };
		FA9DC60D1ED4349A008E3B6E /* Assets.xcassets in Resources */ = {isa = PBXBuildFile; fileRef = FA9DC60C1ED4349A008E3B6E /* Assets.xcassets */; };
		FA9DC6101ED4349A008E3B6E /* LaunchScreen.storyboard in Resources */ = {isa = PBXBuildFile; fileRef = FA9DC60E1ED4349A008E3B6E /* LaunchScreen.storyboard */; };
/* End PBXBuildFile section */

/* Begin PBXFileReference section */
		FA9DC6021ED4349A008E3B6E /* danceView.app */ = {isa = PBXFileReference; explicitFileType = wrapper.application; includeInIndex = 0; path = danceView.app; sourceTree = BUILT_PRODUCTS_DIR; };
		FA9DC6051ED4349A008E3B6E /* AppDelegate.swift */ = {isa = PBXFileReference; lastKnownFileType = sourcecode.swift; path = AppDelegate.swift; sourceTree = "<group>"; };
		FA9DC6071ED4349A008E3B6E /* ViewController.swift */ = {isa = PBXFileReference; lastKnownFileType = sourcecode.swift; path = ViewController.swift; sourceTree = "<group>"; };
		FA9DC60A1ED4349A008E3B6E /* Base */ = {isa = PBXFileReference; lastKnownFileType = file.storyboard; name = Base; path = Base.lproj/Main.storyboard; sourceTree = "<group>"; };
		FA9DC60C1ED4349A008E3B6E /* Assets.xcassets */ = {isa = PBXFileReference; lastKnownFileType = folder.assetcatalog; path = Assets.xcassets; sourceTree = "<group>"; };
		FA9DC60F1ED4349A008E3B6E /* Base */ = {isa = PBXFileReference; lastKnownFileType = file.storyboard; name = Base; path = Base.lproj/LaunchScreen.storyboard; sourceTree = "<group>"; };
		FA9DC6111ED4349A008E3B6E /* Info.plist */ = {isa = PBXFileReference; lastKnownFileType = text.plist.xml; path = Info.plist; sourceTree = "<group>"; };
/* End PBXFileReference section */

/* Begin PBXFrameworksBuildPhase section */
		FA9DC5FF1ED4349A008E3B6E /* Frameworks */ = {
			isa = PBXFrameworksBuildPhase;
			buildActionMask = 2147483647;
			files = (
			);
			runOnlyForDeploymentPostprocessing = 0;
		};
/* End PBXFrameworksBuildPhase section */

/* Begin PBXGroup section */
		FA9DC5F91ED4349A008E3B6E = {
			isa = PBXGroup;
			children = (
				FA9DC6041ED4349A008E3B6E /* danceView */,
				FA9DC6031ED4349A008E3B6E /* Products */,
			);
			sourceTree = "<group>";
		};
		FA9DC6031ED4349A008E3B6E /* Products */ = {
			isa = PBXGroup;
			children = (
				FA9DC6021ED4349A008E3B6E /* danceView.app */,
			);
			name = Products;
			sourceTree = "<group>";
		};
		FA9DC6041ED4349A008E3B6E /* danceView */ = {
			isa = PBXGroup;
			children = (
				FA9DC6051ED4349A008E3B6E /* AppDelegate.swift */,
				FA9DC6071ED4349A008E3B6E /* ViewController.swift */,
				FA9DC6091ED4349A008E3B6E /* Main.storyboard */,
				FA9DC60C1ED4349A008E3B6E /* Assets.xcassets */,
				FA9DC60E1ED4349A008E3B6E /* LaunchScreen.storyboard */,
				FA9DC6111ED4349A008E3B6E /* Info.plist */,
			);
			path = danceView;
			sourceTree = "<group>";
		};
/* End PBXGroup section */

/* Begin PBXNativeTarget section */
		FA9DC6011ED4349A008E3B6E /* danceView */ = {
			isa = PBXNativeTarget;
			buildConfigurationList = FA9DC6141ED4349A008E3B6E /* Build configuration list for PBXNativeTarget "danceView" */;
			buildPhases = (
				FA9DC5FE1ED4349A008E3B6E /* Sources */,
				FA9DC5FF1ED4349A008E3B6E /* Frameworks */,
				FA9DC6001ED4349A008E3B6E /* Resources */,
			);
			buildRules = (
			);
			dependencies = (
			);
			name = danceView;
			productName = danceView;
			productReference = FA9DC6021ED4349A008E3B6E /* danceView.app */;
			productType = "com.apple.product-type.application";
		};
/* End PBXNativeTarget section */

/* Begin PBXProject section */
		FA9DC5FA1ED4349A008E3B6E /* Project object */ = {
			isa = PBXProject;
			attributes = {
				LastSwiftUpdateCheck = 0830;
				LastUpgradeCheck = 0830;
				ORGANIZATIONNAME = hw;
				TargetAttributes = {
					FA9DC6011ED4349A008E3B6E = {
						CreatedOnToolsVersion = 8.3.2;
						DevelopmentTeam = 8B4A3428Q6;
						ProvisioningStyle = Automatic;
					};
				};
			};
			buildConfigurationList = FA9DC5FD1ED4349A008E3B6E /* Build configuration list for PBXProject "danceView" */;
			compatibilityVersion = "Xcode 3.2";
			developmentRegion = English;
			hasScannedForEncodings = 0;
			knownRegions = (
				en,
				Base,
			);
			mainGroup = FA9DC5F91ED4349A008E3B6E;
			productRefGroup = FA9DC6031ED4349A008E3B6E /* Products */;
			projectDirPath = "";
			projectRoot = "";
			targets = (
				FA9DC6011ED4349A008E3B6E /* danceView */,
			);
		};
/* End PBXProject section */

/* Begin PBXResourcesBuildPhase section */
		FA9DC6001ED4349A008E3B6E /* Resources */ = {
			isa = PBXResourcesBuildPhase;
			buildActionMask = 2147483647;
			files = (
				FA9DC6101ED4349A008E3B6E /* LaunchScreen.storyboard in Resources */,
				FA9DC60D1ED4349A008E3B6E /* Assets.xcassets in Resources */,
				FA9DC60B1ED4349A008E3B6E /* Main.storyboard in Resources */,
			);
			runOnlyForDeploymentPostprocessing = 0;
		};
/* End PBXResourcesBuildPhase section */

/* Begin PBXSourcesBuildPhase section */
		FA9DC5FE1ED4349A008E3B6E /* Sources */ = {
			isa = PBXSourcesBuildPhase;
			buildActionMask = 2147483647;
			files = (
				FA9DC6081ED4349A008E3B6E /* ViewController.swift in Sources */,
				FA9DC6061ED4349A008E3B6E /* AppDelegate.swift in Sources */,
			);
			runOnlyForDeploymentPostprocessing = 0;
		};
/* End PBXSourcesBuildPhase section */

/* Begin PBXVariantGroup section */
		FA9DC6091ED4349A008E3B6E /* Main.storyboard */ = {
			isa = PBXVariantGroup;
			children = (
				FA9DC60A1ED4349A008E3B6E /* Base */,
			);
			name = Main.storyboard;
			sourceTree = "<group>";
		};
		FA9DC60E1ED4349A008E3B6E /* LaunchScreen.storyboard */ = {
			isa = PBXVariantGroup;
			children = (
				FA9DC60F1ED4349A008E3B6E /* Base */,
			);
			name = LaunchScreen.storyboard;
			sourceTree = "<group>";
		};
/* End PBXVariantGroup section */

/* Begin XCBuildConfiguration section */
		FA9DC6121ED4349A008E3B6E /* Debug */ = {
			isa = XCBuildConfiguration;
			buildSettings = {
				ALWAYS_SEARCH_USER_PATHS = NO;
				CLANG_ANALYZER_NONNULL = YES;
				CLANG_ANALYZER_NUMBER_OBJECT_CONVERSION = YES_AGGRESSIVE;
				CLANG_CXX_LANGUAGE_STANDARD = "gnu++0x";
				CLANG_CXX_LIBRARY = "libc++";
				CLANG_ENABLE_MODULES = YES;
				CLANG_ENABLE_OBJC_ARC = YES;
				CLANG_WARN_BOOL_CONVERSION = YES;
				CLANG_WARN_CONSTANT_CONVERSION = YES;
				CLANG_WARN_DIRECT_OBJC_ISA_USAGE = YES_ERROR;
				CLANG_WARN_DOCUMENTATION_COMMENTS = YES;
				CLANG_WARN_EMPTY_BODY = YES;
				CLANG_WARN_ENUM_CONVERSION = YES;
				CLANG_WARN_INFINITE_RECURSION = YES;
				CLANG_WARN_INT_CONVERSION = YES;
				CLANG_WARN_OBJC_ROOT_CLASS = YES_ERROR;
				CLANG_WARN_SUSPICIOUS_MOVE = YES;
				CLANG_WARN_UNREACHABLE_CODE = YES;
				CLANG_WARN__DUPLICATE_METHOD_MATCH = YES;
				"CODE_SIGN_IDENTITY[sdk=iphoneos*]" = "iPhone Developer";
				COPY_PHASE_STRIP = NO;
				DEBUG_INFORMATION_FORMAT = dwarf;
				ENABLE_STRICT_OBJC_MSGSEND = YES;
				ENABLE_TESTABILITY = YES;
				GCC_C_LANGUAGE_STANDARD = gnu99;
				GCC_DYNAMIC_NO_PIC = NO;
				GCC_NO_COMMON_BLOCKS = YES;
				GCC_OPTIMIZATION_LEVEL = 0;
				GCC_PREPROCESSOR_DEFINITIONS = (
					"DEBUG=1",
					"$(inherited)",
				);
				GCC_WARN_64_TO_32_BIT_CONVERSION = YES;
				GCC_WARN_ABOUT_RETURN_TYPE = YES_ERROR;
				GCC_WARN_UNDECLARED_SELECTOR = YES;
				GCC_WARN_UNINITIALIZED_AUTOS = YES_AGGRESSIVE;
				GCC_WARN_UNUSED_FUNCTION = YES;
				GCC_WARN_UNUSED_VARIABLE = YES;
				IPHONEOS_DEPLOYMENT_TARGET = 10.3;
				MTL_ENABLE_DEBUG_INFO = YES;
				ONLY_ACTIVE_ARCH = YES;
				SDKROOT = iphoneos;
				SWIFT_ACTIVE_COMPILATION_CONDITIONS = DEBUG;
				SWIFT_OPTIMIZATION_LEVEL = "-Onone";
			};
			name = Debug;
		};
		FA9DC6131ED4349A008E3B6E /* Release */ = {
			isa = XCBuildConfiguration;
			buildSettings = {
				ALWAYS_SEARCH_USER_PATHS = NO;
				CLANG_ANALYZER_NONNULL = YES;
				CLANG_ANALYZER_NUMBER_OBJECT_CONVERSION = YES_AGGRESSIVE;
				CLANG_CXX_LANGUAGE_STANDARD = "gnu++0x";
				CLANG_CXX_LIBRARY = "libc++";
				CLANG_ENABLE_MODULES = YES;
				CLANG_ENABLE_OBJC_ARC = YES;
				CLANG_WARN_BOOL_CONVERSION = YES;
				CLANG_WARN_CONSTANT_CONVERSION = YES;
				CLANG_WARN_DIRECT_OBJC_ISA_USAGE = YES_ERROR;
				CLANG_WARN_DOCUMENTATION_COMMENTS = YES;
				CLANG_WARN_EMPTY_BODY = YES;
				CLANG_WARN_ENUM_CONVERSION = YES;
				CLANG_WARN_INFINITE_RECURSION = YES;
				CLANG_WARN_INT_CONVERSION = YES;
				CLANG_WARN_OBJC_ROOT_CLASS = YES_ERROR;
				CLANG_WARN_SUSPICIOUS_MOVE = YES;
				CLANG_WARN_UNREACHABLE_CODE = YES;
				CLANG_WARN__DUPLICATE_METHOD_MATCH = YES;
				"CODE_SIGN_IDENTITY[sdk=iphoneos*]" = "iPhone Developer";
				COPY_PHASE_STRIP = NO;
				DEBUG_INFORMATION_FORMAT = "dwarf-with-dsym";
				ENABLE_NS_ASSERTIONS = NO;
				ENABLE_STRICT_OBJC_MSGSEND = YES;
				GCC_C_LANGUAGE_STANDARD = gnu99;
				GCC_NO_COMMON_BLOCKS = YES;
				GCC_WARN_64_TO_32_BIT_CONVERSION = YES;
				GCC_WARN_ABOUT_RETURN_TYPE = YES_ERROR;
				GCC_WARN_UNDECLARED_SELECTOR = YES;
				GCC_WARN_UNINITIALIZED_AUTOS = YES_AGGRESSIVE;
				GCC_WARN_UNUSED_FUNCTION = YES;
				GCC_WARN_UNUSED_VARIABLE = YES;
				IPHONEOS_DEPLOYMENT_TARGET = 10.3;
				MTL_ENABLE_DEBUG_INFO = NO;
				SDKROOT = iphoneos;
				SWIFT_OPTIMIZATION_LEVEL = "-Owholemodule";
				VALIDATE_PRODUCT = YES;
			};
			name = Release;
		};
		FA9DC6151ED4349A008E3B6E /* Debug */ = {
			isa = XCBuildConfiguration;
			buildSettings = {
				ASSETCATALOG_COMPILER_APPICON_NAME = AppIcon;
				DEVELOPMENT_TEAM = 8B4A3428Q6;
				INFOPLIST_FILE = danceView/Info.plist;
				LD_RUNPATH_SEARCH_PATHS = "$(inherited) @executable_path/Frameworks";
				PRODUCT_BUNDLE_IDENTIFIER = com.hw.danceView;
				PRODUCT_NAME = "$(TARGET_NAME)";
				SWIFT_VERSION = 3.0;
			};
			name = Debug;
		};
		FA9DC6161ED4349A008E3B6E /* Release */ = {
			isa = XCBuildConfiguration;
			buildSettings = {
				ASSETCATALOG_COMPILER_APPICON_NAME = AppIcon;
				DEVELOPMENT_TEAM = 8B4A3428Q6;
				INFOPLIST_FILE = danceView/Info.plist;
				LD_RUNPATH_SEARCH_PATHS = "$(inherited) @executable_path/Frameworks";
				PRODUCT_BUNDLE_IDENTIFIER = com.hw.danceView;
				PRODUCT_NAME = "$(TARGET_NAME)";
				SWIFT_VERSION = 3.0;
			};
			name = Release;
		};
/* End XCBuildConfiguration section */

/* Begin XCConfigurationList section */
		FA9DC5FD1ED4349A008E3B6E /* Build configuration list for PBXProject "danceView" */ = {
			isa = XCConfigurationList;
			buildConfigurations = (
				FA9DC6121ED4349A008E3B6E /* Debug */,
				FA9DC6131ED4349A008E3B6E /* Release */,
			);
			defaultConfigurationIsVisible = 0;
			defaultConfigurationName = Release;
		};
		FA9DC6141ED4349A008E3B6E /* Build configuration list for PBXNativeTarget "danceView" */ = {
			isa = XCConfigurationList;
			buildConfigurations = (
				FA9DC6151ED4349A008E3B6E /* Debug */,
				FA9DC6161ED4349A008E3B6E /* Release */,
			);
			defaultConfigurationIsVisible = 0;
		};
/* End XCConfigurationList section */
	};
	rootObject = FA9DC5FA1ED4349A008E3B6E /* Project object */;
}
